
Microsoft Visual Studio Solution File, Format Version 12.00
# Visual Studio Version 16
VisualStudioVersion = 16.0.29020.237
MinimumVisualStudioVersion = 10.0.40219.1
Project("{FAE04EC0-301F-11D3-BF4B-00C04F79EFBC}") = "WebApp", "WebApp\WebApp.csproj", "{2F89C067-30AC-4B93-B36E-0F914277A599}"
EndProject
Project("{FAE04EC0-301F-11D3-BF4B-00C04F79EFBC}") = "WebApp.Tests", "WebApp.Tests\WebApp.Tests.csproj", "{39A12EA6-7DFA-4077-ABFD-6CC222B564D4}"
EndProject
Global
	GlobalSection(SolutionConfigurationPlatforms) = preSolution
		Debug|Any CPU = Debug|Any CPU
		Release|Any CPU = Release|Any CPU
	EndGlobalSection
	GlobalSection(ProjectConfigurationPlatforms) = postSolution
		{2F89C067-30AC-4B93-B36E-0F914277A599}.Debug|Any CPU.ActiveCfg = Debug|Any CPU
		{2F89C067-30AC-4B93-B36E-0F914277A599}.Debug|Any CPU.Build.0 = Debug|Any CPU
		{2F89C067-30AC-4B93-B36E-0F914277A599}.Release|Any CPU.ActiveCfg = Release|Any CPU
		{2F89C067-30AC-4B93-B36E-0F914277A599}.Release|Any CPU.Build.0 = Release|Any CPU
		{39A12EA6-7DFA-4077-ABFD-6CC222B564D4}.Debug|Any CPU.ActiveCfg = Debug|Any CPU
		{39A12EA6-7DFA-4077-ABFD-6CC222B564D4}.Debug|Any CPU.Build.0 = Debug|Any CPU
		{39A12EA6-7DFA-4077-ABFD-6CC222B564D4}.Release|Any CPU.ActiveCfg = Release|Any CPU
		{39A12EA6-7DFA-4077-ABFD-6CC222B564D4}.Release|Any CPU.Build.0 = Release|Any CPU
	EndGlobalSection
	GlobalSection(SolutionProperties) = preSolution
		HideSolutionNode = FALSE
	EndGlobalSection
	GlobalSection(ExtensibilityGlobals) = postSolution
		SolutionGuid = {0A79D0F4-0161-490E-9113-055F8F531E1E}
	EndGlobalSection
EndGlobal
